# This file was autogenerated by Stack.
# You should not edit this file by hand.
# For more information, please see the documentation at:
#   https://docs.haskellstack.org/en/stable/lock_files

packages:
- completed:
    hackage: acme-missiles-0.3@sha256:2ba66a092a32593880a87fb00f3213762d7bca65a687d45965778deb8694c5d1,613
    pantry-tree:
      size: 226
      sha256: 614bc0cca76937507ea0a5ccc17a504c997ce458d7f2f9e43b15a10c8eaeb033
  original:
    hackage: acme-missiles-0.3
- completed:
    hackage: HUnit-1.6.0.0@sha256:8014b27c884becd8041214a1ab263fa92244ca62700a911aff604a1047869298,1570
    pantry-tree:
      size: 878
      sha256: 270a6f8d6ef23eba3a9a1697aa244576abb168d10cb8e4736cf4add2b09eb650
  original:
    hackage: HUnit-1.6.0.0
- completed:
    hackage: lens-tutorial-1.0.4@sha256:325b59b7658f035d11386589c57d603ee27573f191ed8380dc2a890102bfe143,1199
    pantry-tree:
      size: 279
      sha256: c04add7d791a173f23f32b25f6fe14151f23e2f8651c0e1a0bcfc6293df9a80c
  original:
    hackage: lens-tutorial-1.0.4@sha256:325b59b7658f035d11386589c57d603ee27573f191ed8380dc2a890102bfe143,1199
snapshots:
- completed:
    size: 500539
    url: https://raw.githubusercontent.com/commercialhaskell/stackage-snapshots/master/lts/13/30.yaml
    sha256: 59ad6b944c9903847fecdc1d4815e8500c1f9999d80fd1b4d2d66e408faec44b
  original: lts-13.30
